
Microsoft Visual Studio Solution File, Format Version 12.00
# Visual Studio Version 17
VisualStudioVersion = 17.9.34728.123
MinimumVisualStudioVersion = 10.0.40219.1
Project("{FAE04EC0-301F-11D3-BF4B-00C04F79EFBC}") = "web_no_api", "web_no_api.csproj", "{2539E8B3-32AA-4CFA-A2A1-FF9D363E2859}"
EndProject
Global
	GlobalSection(SolutionConfigurationPlatforms) = preSolution
		Debug|Any CPU = Debug|Any CPU
		Release|Any CPU = Release|Any CPU
	EndGlobalSection
	GlobalSection(ProjectConfigurationPlatforms) = postSolution
		{2539E8B3-32AA-4CFA-A2A1-FF9D363E2859}.Debug|Any CPU.ActiveCfg = Debug|Any CPU
		{2539E8B3-32AA-4CFA-A2A1-FF9D363E2859}.Debug|Any CPU.Build.0 = Debug|Any CPU
		{2539E8B3-32AA-4CFA-A2A1-FF9D363E2859}.Release|Any CPU.ActiveCfg = Release|Any CPU
		{2539E8B3-32AA-4CFA-A2A1-FF9D363E2859}.Release|Any CPU.Build.0 = Release|Any CPU
	EndGlobalSection
	GlobalSection(SolutionProperties) = preSolution
		HideSolutionNode = FALSE
	EndGlobalSection
	GlobalSection(ExtensibilityGlobals) = postSolution
		SolutionGuid = {7DEB80CA-D4C8-4472-B7E4-8B9C0B050E43}
	EndGlobalSection
EndGlobal
